
Microsoft Visual Studio Solution File, Format Version 12.00
# Visual Studio Version 17
VisualStudioVersion = 17.8.34408.163
MinimumVisualStudioVersion = 10.0.40219.1
Project("{FAE04EC0-301F-11D3-BF4B-00C04F79EFBC}") = "Surpolab", "Surpolab\Surpolab.csproj", "{830E0A41-25F3-49D1-B848-8B21206407CF}"
EndProject
Global
	GlobalSection(SolutionConfigurationPlatforms) = preSolution
		Debug|Any CPU = Debug|Any CPU
		Release|Any CPU = Release|Any CPU
	EndGlobalSection
	GlobalSection(ProjectConfigurationPlatforms) = postSolution
		{830E0A41-25F3-49D1-B848-8B21206407CF}.Debug|Any CPU.ActiveCfg = Debug|Any CPU
		{830E0A41-25F3-49D1-B848-8B21206407CF}.Debug|Any CPU.Build.0 = Debug|Any CPU
		{830E0A41-25F3-49D1-B848-8B21206407CF}.Release|Any CPU.ActiveCfg = Release|Any CPU
		{830E0A41-25F3-49D1-B848-8B21206407CF}.Release|Any CPU.Build.0 = Release|Any CPU
	EndGlobalSection
	GlobalSection(SolutionProperties) = preSolution
		HideSolutionNode = FALSE
	EndGlobalSection
	GlobalSection(ExtensibilityGlobals) = postSolution
		SolutionGuid = {043B2B4A-5DD1-4A52-A418-8230C5B49E3C}
	EndGlobalSection
EndGlobal
